
Microsoft Visual Studio Solution File, Format Version 12.00
# Visual Studio Version 17
VisualStudioVersion = 17.8.34316.72
MinimumVisualStudioVersion = 10.0.40219.1
Project("{FAE04EC0-301F-11D3-BF4B-00C04F79EFBC}") = "Backend", "Backend\Backend.csproj", "{4AF8E856-1909-4583-B78D-FE1656ACCB05}"
EndProject
Global
	GlobalSection(SolutionConfigurationPlatforms) = preSolution
		Debug|Any CPU = Debug|Any CPU
		Release|Any CPU = Release|Any CPU
	EndGlobalSection
	GlobalSection(ProjectConfigurationPlatforms) = postSolution
		{4AF8E856-1909-4583-B78D-FE1656ACCB05}.Debug|Any CPU.ActiveCfg = Debug|Any CPU
		{4AF8E856-1909-4583-B78D-FE1656ACCB05}.Debug|Any CPU.Build.0 = Debug|Any CPU
		{4AF8E856-1909-4583-B78D-FE1656ACCB05}.Release|Any CPU.ActiveCfg = Release|Any CPU
		{4AF8E856-1909-4583-B78D-FE1656ACCB05}.Release|Any CPU.Build.0 = Release|Any CPU
	EndGlobalSection
	GlobalSection(SolutionProperties) = preSolution
		HideSolutionNode = FALSE
	EndGlobalSection
	GlobalSection(ExtensibilityGlobals) = postSolution
		SolutionGuid = {111719F3-9E16-4171-BBB3-9FD9B000E6BF}
	EndGlobalSection
EndGlobal
